
Microsoft Visual Studio Solution File, Format Version 12.00
# Visual Studio Version 17
VisualStudioVersion = 17.5.002.0
MinimumVisualStudioVersion = 10.0.40219.1
Project("{2150E333-8FDC-42A3-9474-1A3956D46DE8}") = "csharp", "csharp", "{31FD9FF0-2814-4291-8B96-9AB21BD64981}"
EndProject
Project("{2150E333-8FDC-42A3-9474-1A3956D46DE8}") = "C#", "C#", "{70F6F76F-592E-4715-8AE1-DC4E44373AFB}"
EndProject
Project("{2150E333-8FDC-42A3-9474-1A3956D46DE8}") = "Greeter", "Greeter", "{ED156368-4F40-4E5E-A8CA-69C5D71A736A}"
EndProject
Project("{9A19103F-16F7-4668-BE54-9A1E7A4F7556}") = "GreeterServer", "csharp\C#\Greeter\GreeterServer\GreeterServer.csproj", "{372E7351-DF11-4A09-880B-91A1648C60D5}"
EndProject
Project("{9A19103F-16F7-4668-BE54-9A1E7A4F7556}") = "GreeterShared", "csharp\C#\Greeter\GreeterShared\GreeterShared.csproj", "{268E04D2-ADF6-4C3B-9F83-F6483F1BFBED}"
EndProject
Project("{9A19103F-16F7-4668-BE54-9A1E7A4F7556}") = "GreeterClient", "csharp\C#\Greeter\GreeterClient\GreeterClient.csproj", "{350A02E2-0A38-4F29-B2A7-84CD690B53A1}"
EndProject
Global
	GlobalSection(SolutionConfigurationPlatforms) = preSolution
		Debug|Any CPU = Debug|Any CPU
		Release|Any CPU = Release|Any CPU
	EndGlobalSection
	GlobalSection(ProjectConfigurationPlatforms) = postSolution
		{372E7351-DF11-4A09-880B-91A1648C60D5}.Debug|Any CPU.ActiveCfg = Debug|Any CPU
		{372E7351-DF11-4A09-880B-91A1648C60D5}.Debug|Any CPU.Build.0 = Debug|Any CPU
		{372E7351-DF11-4A09-880B-91A1648C60D5}.Release|Any CPU.ActiveCfg = Release|Any CPU
		{372E7351-DF11-4A09-880B-91A1648C60D5}.Release|Any CPU.Build.0 = Release|Any CPU
		{268E04D2-ADF6-4C3B-9F83-F6483F1BFBED}.Debug|Any CPU.ActiveCfg = Debug|Any CPU
		{268E04D2-ADF6-4C3B-9F83-F6483F1BFBED}.Debug|Any CPU.Build.0 = Debug|Any CPU
		{268E04D2-ADF6-4C3B-9F83-F6483F1BFBED}.Release|Any CPU.ActiveCfg = Release|Any CPU
		{268E04D2-ADF6-4C3B-9F83-F6483F1BFBED}.Release|Any CPU.Build.0 = Release|Any CPU
		{350A02E2-0A38-4F29-B2A7-84CD690B53A1}.Debug|Any CPU.ActiveCfg = Debug|Any CPU
		{350A02E2-0A38-4F29-B2A7-84CD690B53A1}.Debug|Any CPU.Build.0 = Debug|Any CPU
		{350A02E2-0A38-4F29-B2A7-84CD690B53A1}.Release|Any CPU.ActiveCfg = Release|Any CPU
		{350A02E2-0A38-4F29-B2A7-84CD690B53A1}.Release|Any CPU.Build.0 = Release|Any CPU
	EndGlobalSection
	GlobalSection(SolutionProperties) = preSolution
		HideSolutionNode = FALSE
	EndGlobalSection
	GlobalSection(NestedProjects) = preSolution
		{70F6F76F-592E-4715-8AE1-DC4E44373AFB} = {31FD9FF0-2814-4291-8B96-9AB21BD64981}
		{ED156368-4F40-4E5E-A8CA-69C5D71A736A} = {70F6F76F-592E-4715-8AE1-DC4E44373AFB}
		{372E7351-DF11-4A09-880B-91A1648C60D5} = {ED156368-4F40-4E5E-A8CA-69C5D71A736A}
		{268E04D2-ADF6-4C3B-9F83-F6483F1BFBED} = {ED156368-4F40-4E5E-A8CA-69C5D71A736A}
		{350A02E2-0A38-4F29-B2A7-84CD690B53A1} = {ED156368-4F40-4E5E-A8CA-69C5D71A736A}
	EndGlobalSection
	GlobalSection(ExtensibilityGlobals) = postSolution
		SolutionGuid = {8392BEFB-983C-4926-8535-0735B9BAAF98}
	EndGlobalSection
EndGlobal
